<Solution>
  <Folder Name="/src/">
    <Project Path="src/BookStudio.Domain/BookStudio.Domain.csproj" />
    <Project Path="src/BookStudio.Application/BookStudio.Application.csproj" />
    <Project Path="src/BookStudio.Infrastructure/BookStudio.Infrastructure.csproj" />
    <Project Path="src/BookStudio.Mcp/BookStudio.Mcp.csproj" />
    <Project Path="src/BookStudio.Mcp.Authoring/BookStudio.Mcp.Authoring.csproj" />
    <Project Path="src/BookStudio.Mcp.Quality/BookStudio.Mcp.Quality.csproj" />
    <Project Path="src/BookStudio.Mcp.Production/BookStudio.Mcp.Production.csproj" />
    <Project Path="src/BookStudio.Mcp.Ops/BookStudio.Mcp.Ops.csproj" />
    <Project Path="src/BookStudio.OpenCode/BookStudio.OpenCode.csproj" />
    <Project Path="src/BookStudio.Autopilot/BookStudio.Autopilot.csproj" />
    <Project Path="src/BookStudio.Worker/BookStudio.Worker.csproj" />
    <Project Path="src/BookStudio.ControlCenter/BookStudio.ControlCenter.csproj" />
  </Folder>
  <Folder Name="/tests/">
    <Project Path="tests/BookStudio.Tests.Architecture/BookStudio.Tests.Architecture.csproj" />
    <Project Path="tests/BookStudio.Tests.Integration/BookStudio.Tests.Integration.csproj" />
    <Project Path="tests/BookStudio.Tests.Artifacts/BookStudio.Tests.Artifacts.csproj" />
    <Project Path="tests/BookStudio.Tests.Outbox/BookStudio.Tests.Outbox.csproj" />
    <Project Path="tests/BookStudio.Tests.Api/BookStudio.Tests.Api.csproj" />
    <Project Path="tests/BookStudio.Tests.Observability/BookStudio.Tests.Observability.csproj" />
    <Project Path="tests/BookStudio.Tests.McpInitialize/BookStudio.Tests.McpInitialize.csproj" />
    <Project Path="tests/BookStudio.Tests.BookCore/BookStudio.Tests.BookCore.csproj" />
    <Project Path="tests/BookStudio.Tests.BookAuthoring/BookStudio.Tests.BookAuthoring.csproj" />
    <Project Path="tests/BookStudio.Tests.BookQuality/BookStudio.Tests.BookQuality.csproj" />
    <Project Path="tests/BookStudio.Tests.BookProduction/BookStudio.Tests.BookProduction.csproj" />
    <Project Path="tests/BookStudio.Tests.BookOps/BookStudio.Tests.BookOps.csproj" />
    <Project Path="tests/BookStudio.Tests.PromptsResources/BookStudio.Tests.PromptsResources.csproj" />
    <Project Path="tests/BookStudio.Tests.McpConformance/BookStudio.Tests.McpConformance.csproj" />
    <Project Path="tests/BookStudio.Tests.McpSecuritySandbox/BookStudio.Tests.McpSecuritySandbox.csproj" />
    <Project Path="tests/BookStudio.Tests.OpenCodeCompatibility/BookStudio.Tests.OpenCodeCompatibility.csproj" />
    <Project Path="tests/BookStudio.Tests.OpenCodeSessionLifecycle/BookStudio.Tests.OpenCodeSessionLifecycle.csproj" />
    <Project Path="tests/BookStudio.Tests.OpenCodeSseReconciliation/BookStudio.Tests.OpenCodeSseReconciliation.csproj" />
    <Project Path="tests/BookStudio.Tests.AgentToolProfiles/BookStudio.Tests.AgentToolProfiles.csproj" />
    <Project Path="tests/BookStudio.Tests.ModelBenchmarks/BookStudio.Tests.ModelBenchmarks.csproj" />
    <Project Path="tests/BookStudio.Tests.ContextCompiler/BookStudio.Tests.ContextCompiler.csproj" />
  </Folder>
</Solution>